// !$*UTF8*$!
{
	archiveVersion = 1;
	classes = {
	};
	objectVersion = 77;
	objects = {

/* Begin PBXBuildFile section */
		587C1DA22E3AB58B00F50B7F /* Assets.xcassets in Resources */ = {isa = PBXBuildFile; fileRef = 587C1D9C2E3AB58B00F50B7F /* Assets.xcassets */; };
		587C1DA32E3AB58B00F50B7F /* Badge.swift in Sources */ = {isa = PBXBuildFile; fileRef = 587C1D9D2E3AB58B00F50B7F /* Badge.swift */; };
		587C1DA42E3AB58B00F50B7F /* ContentView.swift in Sources */ = {isa = PBXBuildFile; fileRef = 587C1D9E2E3AB58B00F50B7F /* ContentView.swift */; };
		587C1DA52E3AB58B00F50B7F /* WhatDaHuhApp.swift in Sources */ = {isa = PBXBuildFile; fileRef = 587C1D9F2E3AB58B00F50B7F /* WhatDaHuhApp.swift */; };
		587C1DA62E3AB58B00F50B7F /* Word.swift in Sources */ = {isa = PBXBuildFile; fileRef = 587C1DA02E3AB58B00F50B7F /* Word.swift */; };
		587C1DAA2E3AB62200F50B7F /* WordBank.swift in Sources */ = {isa = PBXBuildFile; fileRef = 587C1DA92E3AB62200F50B7F /* WordBank.swift */; };
		587C1DAC2E3AB6EF00F50B7F /* WordListView.swift in Sources */ = {isa = PBXBuildFile; fileRef = 587C1DAB2E3AB6EF00F50B7F /* WordListView.swift */; };
		587C1DAE2E3AB70000F50B7F /* WordView.swift in Sources */ = {isa = PBXBuildFile; fileRef = 587C1DAD2E3AB70000F50B7F /* WordView.swift */; };
		587C1DB02E3AB71400F50B7F /* BadgeGridView.swift in Sources */ = {isa = PBXBuildFile; fileRef = 587C1DAF2E3AB71400F50B7F /* BadgeGridView.swift */; };
		587C1DB22E3AB71C00F50B7F /* BadgeView.swift in Sources */ = {isa = PBXBuildFile; fileRef = 587C1DB12E3AB71C00F50B7F /* BadgeView.swift */; };
		587C1DB72E3AB9EE00F50B7F /* BadgeBank.swift in Sources */ = {isa = PBXBuildFile; fileRef = 587C1DB62E3AB9EE00F50B7F /* BadgeBank.swift */; };
/* End PBXBuildFile section */

/* Begin PBXFileReference section */
		587C1D882E3AAF0D00F50B7F /* WhatDaHuh.app */ = {isa = PBXFileReference; explicitFileType = wrapper.application; includeInIndex = 0; path = WhatDaHuh.app; sourceTree = BUILT_PRODUCTS_DIR; };
		587C1D9C2E3AB58B00F50B7F /* Assets.xcassets */ = {isa = PBXFileReference; lastKnownFileType = folder.assetcatalog; path = Assets.xcassets; sourceTree = "<group>"; };
		587C1D9D2E3AB58B00F50B7F /* Badge.swift */ = {isa = PBXFileReference; lastKnownFileType = sourcecode.swift; path = Badge.swift; sourceTree = "<group>"; };
		587C1D9E2E3AB58B00F50B7F /* ContentView.swift */ = {isa = PBXFileReference; lastKnownFileType = sourcecode.swift; path = ContentView.swift; sourceTree = "<group>"; };
		587C1D9F2E3AB58B00F50B7F /* WhatDaHuhApp.swift */ = {isa = PBXFileReference; lastKnownFileType = sourcecode.swift; path = WhatDaHuhApp.swift; sourceTree = "<group>"; };
		587C1DA02E3AB58B00F50B7F /* Word.swift */ = {isa = PBXFileReference; lastKnownFileType = sourcecode.swift; path = Word.swift; sourceTree = "<group>"; };
		587C1DA92E3AB62200F50B7F /* WordBank.swift */ = {isa = PBXFileReference; lastKnownFileType = sourcecode.swift; path = WordBank.swift; sourceTree = "<group>"; };
		587C1DAB2E3AB6EF00F50B7F /* WordListView.swift */ = {isa = PBXFileReference; lastKnownFileType = sourcecode.swift; path = WordListView.swift; sourceTree = "<group>"; };
		587C1DAD2E3AB70000F50B7F /* WordView.swift */ = {isa = PBXFileReference; lastKnownFileType = sourcecode.swift; path = WordView.swift; sourceTree = "<group>"; };
		587C1DAF2E3AB71400F50B7F /* BadgeGridView.swift */ = {isa = PBXFileReference; lastKnownFileType = sourcecode.swift; path = BadgeGridView.swift; sourceTree = "<group>"; };
		587C1DB12E3AB71C00F50B7F /* BadgeView.swift */ = {isa = PBXFileReference; lastKnownFileType = sourcecode.swift; path = BadgeView.swift; sourceTree = "<group>"; };
		587C1DB62E3AB9EE00F50B7F /* BadgeBank.swift */ = {isa = PBXFileReference; lastKnownFileType = sourcecode.swift; path = BadgeBank.swift; sourceTree = "<group>"; };
/* End PBXFileReference section */

/* Begin PBXFrameworksBuildPhase section */
		587C1D852E3AAF0D00F50B7F /* Frameworks */ = {
			isa = PBXFrameworksBuildPhase;
			buildActionMask = 2147483647;
			files = (
			);
			runOnlyForDeploymentPostprocessing = 0;
		};
/* End PBXFrameworksBuildPhase section */

/* Begin PBXGroup section */
		587C1D7F2E3AAF0D00F50B7F = {
			isa = PBXGroup;
			children = (
				587C1DA12E3AB58B00F50B7F /* WhatDaHuh */,
				587C1D892E3AAF0D00F50B7F /* Products */,
			);
			sourceTree = "<group>";
		};
		587C1D892E3AAF0D00F50B7F /* Products */ = {
			isa = PBXGroup;
			children = (
				587C1D882E3AAF0D00F50B7F /* WhatDaHuh.app */,
			);
			name = Products;
			sourceTree = "<group>";
		};
		587C1DA12E3AB58B00F50B7F /* WhatDaHuh */ = {
			isa = PBXGroup;
			children = (
				587C1D9C2E3AB58B00F50B7F /* Assets.xcassets */,
				587C1DA92E3AB62200F50B7F /* WordBank.swift */,
				587C1DB62E3AB9EE00F50B7F /* BadgeBank.swift */,
				587C1D9E2E3AB58B00F50B7F /* ContentView.swift */,
				587C1DB52E3AB74600F50B7F /* BadgeViews */,
				587C1DB32E3AB72A00F50B7F /* WordViews */,
				587C1DA72E3AB59000F50B7F /* Models */,
				587C1D9F2E3AB58B00F50B7F /* WhatDaHuhApp.swift */,
			);
			path = WhatDaHuh;
			sourceTree = "<group>";
		};
		587C1DA72E3AB59000F50B7F /* Models */ = {
			isa = PBXGroup;
			children = (
				587C1DA02E3AB58B00F50B7F /* Word.swift */,
				587C1D9D2E3AB58B00F50B7F /* Badge.swift */,
			);
			path = Models;
			sourceTree = "<group>";
		};
		587C1DB32E3AB72A00F50B7F /* WordViews */ = {
			isa = PBXGroup;
			children = (
				587C1DAD2E3AB70000F50B7F /* WordView.swift */,
				587C1DAB2E3AB6EF00F50B7F /* WordListView.swift */,
			);
			path = WordViews;
			sourceTree = "<group>";
		};
		587C1DB52E3AB74600F50B7F /* BadgeViews */ = {
			isa = PBXGroup;
			children = (
				587C1DAF2E3AB71400F50B7F /* BadgeGridView.swift */,
				587C1DB12E3AB71C00F50B7F /* BadgeView.swift */,
			);
			path = BadgeViews;
			sourceTree = "<group>";
		};
/* End PBXGroup section */

/* Begin PBXNativeTarget section */
		587C1D872E3AAF0D00F50B7F /* WhatDaHuh */ = {
			isa = PBXNativeTarget;
			buildConfigurationList = 587C1D932E3AAF0E00F50B7F /* Build configuration list for PBXNativeTarget "WhatDaHuh" */;
			buildPhases = (
				587C1D842E3AAF0D00F50B7F /* Sources */,
				587C1D852E3AAF0D00F50B7F /* Frameworks */,
				587C1D862E3AAF0D00F50B7F /* Resources */,
			);
			buildRules = (
			);
			dependencies = (
			);
			name = WhatDaHuh;
			packageProductDependencies = (
			);
			productName = WhatDaHuh;
			productReference = 587C1D882E3AAF0D00F50B7F /* WhatDaHuh.app */;
			productType = "com.apple.product-type.application";
		};
/* End PBXNativeTarget section */

/* Begin PBXProject section */
		587C1D802E3AAF0D00F50B7F /* Project object */ = {
			isa = PBXProject;
			attributes = {
				BuildIndependentTargetsInParallel = 1;
				LastSwiftUpdateCheck = 1630;
				LastUpgradeCheck = 1630;
				TargetAttributes = {
					587C1D872E3AAF0D00F50B7F = {
						CreatedOnToolsVersion = 16.3;
					};
				};
			};
			buildConfigurationList = 587C1D832E3AAF0D00F50B7F /* Build configuration list for PBXProject "WhatDaHuh" */;
			developmentRegion = en;
			hasScannedForEncodings = 0;
			knownRegions = (
				en,
				Base,
			);
			mainGroup = 587C1D7F2E3AAF0D00F50B7F;
			minimizedProjectReferenceProxies = 1;
			preferredProjectObjectVersion = 77;
			productRefGroup = 587C1D892E3AAF0D00F50B7F /* Products */;
			projectDirPath = "";
			projectRoot = "";
			targets = (
				587C1D872E3AAF0D00F50B7F /* WhatDaHuh */,
			);
		};
/* End PBXProject section */

/* Begin PBXResourcesBuildPhase section */
		587C1D862E3AAF0D00F50B7F /* Resources */ = {
			isa = PBXResourcesBuildPhase;
			buildActionMask = 2147483647;
			files = (
				587C1DA22E3AB58B00F50B7F /* Assets.xcassets in Resources */,
			);
			runOnlyForDeploymentPostprocessing = 0;
		};
/* End PBXResourcesBuildPhase section */

/* Begin PBXSourcesBuildPhase section */
		587C1D842E3AAF0D00F50B7F /* Sources */ = {
			isa = PBXSourcesBuildPhase;
			buildActionMask = 2147483647;
			files = (
				587C1DA32E3AB58B00F50B7F /* Badge.swift in Sources */,
				587C1DA42E3AB58B00F50B7F /* ContentView.swift in Sources */,
				587C1DB02E3AB71400F50B7F /* BadgeGridView.swift in Sources */,
				587C1DB72E3AB9EE00F50B7F /* BadgeBank.swift in Sources */,
				587C1DAE2E3AB70000F50B7F /* WordView.swift in Sources */,
				587C1DA52E3AB58B00F50B7F /* WhatDaHuhApp.swift in Sources */,
				587C1DA62E3AB58B00F50B7F /* Word.swift in Sources */,
				587C1DB22E3AB71C00F50B7F /* BadgeView.swift in Sources */,
				587C1DAC2E3AB6EF00F50B7F /* WordListView.swift in Sources */,
				587C1DAA2E3AB62200F50B7F /* WordBank.swift in Sources */,
			);
			runOnlyForDeploymentPostprocessing = 0;
		};
/* End PBXSourcesBuildPhase section */

/* Begin XCBuildConfiguration section */
		587C1D912E3AAF0E00F50B7F /* Debug */ = {
			isa = XCBuildConfiguration;
			buildSettings = {
				ALWAYS_SEARCH_USER_PATHS = NO;
				ASSETCATALOG_COMPILER_GENERATE_SWIFT_ASSET_SYMBOL_EXTENSIONS = YES;
				CLANG_ANALYZER_NONNULL = YES;
				CLANG_ANALYZER_NUMBER_OBJECT_CONVERSION = YES_AGGRESSIVE;
				CLANG_CXX_LANGUAGE_STANDARD = "gnu++20";
				CLANG_ENABLE_MODULES = YES;
				CLANG_ENABLE_OBJC_ARC = YES;
				CLANG_ENABLE_OBJC_WEAK = YES;
				CLANG_WARN_BLOCK_CAPTURE_AUTORELEASING = YES;
				CLANG_WARN_BOOL_CONVERSION = YES;
				CLANG_WARN_COMMA = YES;
				CLANG_WARN_CONSTANT_CONVERSION = YES;
				CLANG_WARN_DEPRECATED_OBJC_IMPLEMENTATIONS = YES;
				CLANG_WARN_DIRECT_OBJC_ISA_USAGE = YES_ERROR;
				CLANG_WARN_DOCUMENTATION_COMMENTS = YES;
				CLANG_WARN_EMPTY_BODY = YES;
				CLANG_WARN_ENUM_CONVERSION = YES;
				CLANG_WARN_INFINITE_RECURSION = YES;
				CLANG_WARN_INT_CONVERSION = YES;
				CLANG_WARN_NON_LITERAL_NULL_CONVERSION = YES;
				CLANG_WARN_OBJC_IMPLICIT_RETAIN_SELF = YES;
				CLANG_WARN_OBJC_LITERAL_CONVERSION = YES;
				CLANG_WARN_OBJC_ROOT_CLASS = YES_ERROR;
				CLANG_WARN_QUOTED_INCLUDE_IN_FRAMEWORK_HEADER = YES;
				CLANG_WARN_RANGE_LOOP_ANALYSIS = YES;
				CLANG_WARN_STRICT_PROTOTYPES = YES;
				CLANG_WARN_SUSPICIOUS_MOVE = YES;
				CLANG_WARN_UNGUARDED_AVAILABILITY = YES_AGGRESSIVE;
				CLANG_WARN_UNREACHABLE_CODE = YES;
				CLANG_WARN__DUPLICATE_METHOD_MATCH = YES;
				COPY_PHASE_STRIP = NO;
				DEBUG_INFORMATION_FORMAT = dwarf;
				DEVELOPMENT_TEAM = 8K6C7ZB947;
				ENABLE_STRICT_OBJC_MSGSEND = YES;
				ENABLE_TESTABILITY = YES;
				ENABLE_USER_SCRIPT_SANDBOXING = YES;
				GCC_C_LANGUAGE_STANDARD = gnu17;
				GCC_DYNAMIC_NO_PIC = NO;
				GCC_NO_COMMON_BLOCKS = YES;
				GCC_OPTIMIZATION_LEVEL = 0;
				GCC_PREPROCESSOR_DEFINITIONS = (
					"DEBUG=1",
					"$(inherited)",
				);
				GCC_WARN_64_TO_32_BIT_CONVERSION = YES;
				GCC_WARN_ABOUT_RETURN_TYPE = YES_ERROR;
				GCC_WARN_UNDECLARED_SELECTOR = YES;
				GCC_WARN_UNINITIALIZED_AUTOS = YES_AGGRESSIVE;
				GCC_WARN_UNUSED_FUNCTION = YES;
				GCC_WARN_UNUSED_VARIABLE = YES;
				IPHONEOS_DEPLOYMENT_TARGET = 18.4;
				LOCALIZATION_PREFERS_STRING_CATALOGS = YES;
				MTL_ENABLE_DEBUG_INFO = INCLUDE_SOURCE;
				MTL_FAST_MATH = YES;
				ONLY_ACTIVE_ARCH = YES;
				SDKROOT = iphoneos;
				SWIFT_ACTIVE_COMPILATION_CONDITIONS = "DEBUG $(inherited)";
				SWIFT_OPTIMIZATION_LEVEL = "-Onone";
			};
			name = Debug;
		};
		587C1D922E3AAF0E00F50B7F /* Release */ = {
			isa = XCBuildConfiguration;
			buildSettings = {
				ALWAYS_SEARCH_USER_PATHS = NO;
				ASSETCATALOG_COMPILER_GENERATE_SWIFT_ASSET_SYMBOL_EXTENSIONS = YES;
				CLANG_ANALYZER_NONNULL = YES;
				CLANG_ANALYZER_NUMBER_OBJECT_CONVERSION = YES_AGGRESSIVE;
				CLANG_CXX_LANGUAGE_STANDARD = "gnu++20";
				CLANG_ENABLE_MODULES = YES;
				CLANG_ENABLE_OBJC_ARC = YES;
				CLANG_ENABLE_OBJC_WEAK = YES;
				CLANG_WARN_BLOCK_CAPTURE_AUTORELEASING = YES;
				CLANG_WARN_BOOL_CONVERSION = YES;
				CLANG_WARN_COMMA = YES;
				CLANG_WARN_CONSTANT_CONVERSION = YES;
				CLANG_WARN_DEPRECATED_OBJC_IMPLEMENTATIONS = YES;
				CLANG_WARN_DIRECT_OBJC_ISA_USAGE = YES_ERROR;
				CLANG_WARN_DOCUMENTATION_COMMENTS = YES;
				CLANG_WARN_EMPTY_BODY = YES;
				CLANG_WARN_ENUM_CONVERSION = YES;
				CLANG_WARN_INFINITE_RECURSION = YES;
				CLANG_WARN_INT_CONVERSION = YES;
				CLANG_WARN_NON_LITERAL_NULL_CONVERSION = YES;
				CLANG_WARN_OBJC_IMPLICIT_RETAIN_SELF = YES;
				CLANG_WARN_OBJC_LITERAL_CONVERSION = YES;
				CLANG_WARN_OBJC_ROOT_CLASS = YES_ERROR;
				CLANG_WARN_QUOTED_INCLUDE_IN_FRAMEWORK_HEADER = YES;
				CLANG_WARN_RANGE_LOOP_ANALYSIS = YES;
				CLANG_WARN_STRICT_PROTOTYPES = YES;
				CLANG_WARN_SUSPICIOUS_MOVE = YES;
				CLANG_WARN_UNGUARDED_AVAILABILITY = YES_AGGRESSIVE;
				CLANG_WARN_UNREACHABLE_CODE = YES;
				CLANG_WARN__DUPLICATE_METHOD_MATCH = YES;
				COPY_PHASE_STRIP = NO;
				DEBUG_INFORMATION_FORMAT = "dwarf-with-dsym";
				DEVELOPMENT_TEAM = 8K6C7ZB947;
				ENABLE_NS_ASSERTIONS = NO;
				ENABLE_STRICT_OBJC_MSGSEND = YES;
				ENABLE_USER_SCRIPT_SANDBOXING = YES;
				GCC_C_LANGUAGE_STANDARD = gnu17;
				GCC_NO_COMMON_BLOCKS = YES;
				GCC_WARN_64_TO_32_BIT_CONVERSION = YES;
				GCC_WARN_ABOUT_RETURN_TYPE = YES_ERROR;
				GCC_WARN_UNDECLARED_SELECTOR = YES;
				GCC_WARN_UNINITIALIZED_AUTOS = YES_AGGRESSIVE;
				GCC_WARN_UNUSED_FUNCTION = YES;
				GCC_WARN_UNUSED_VARIABLE = YES;
				IPHONEOS_DEPLOYMENT_TARGET = 18.4;
				LOCALIZATION_PREFERS_STRING_CATALOGS = YES;
				MTL_ENABLE_DEBUG_INFO = NO;
				MTL_FAST_MATH = YES;
				SDKROOT = iphoneos;
				SWIFT_COMPILATION_MODE = wholemodule;
				VALIDATE_PRODUCT = YES;
			};
			name = Release;
		};
		587C1D942E3AAF0E00F50B7F /* Debug */ = {
			isa = XCBuildConfiguration;
			buildSettings = {
				ASSETCATALOG_COMPILER_APPICON_NAME = AppIcon;
				ASSETCATALOG_COMPILER_GLOBAL_ACCENT_COLOR_NAME = AccentColor;
				CODE_SIGN_STYLE = Automatic;
				CURRENT_PROJECT_VERSION = 1;
				DEVELOPMENT_TEAM = 8K6C7ZB947;
				ENABLE_PREVIEWS = YES;
				GENERATE_INFOPLIST_FILE = YES;
				INFOPLIST_KEY_UIApplicationSceneManifest_Generation = YES;
				INFOPLIST_KEY_UIApplicationSupportsIndirectInputEvents = YES;
				INFOPLIST_KEY_UILaunchScreen_Generation = YES;
				INFOPLIST_KEY_UISupportedInterfaceOrientations_iPad = "UIInterfaceOrientationPortrait UIInterfaceOrientationPortraitUpsideDown UIInterfaceOrientationLandscapeLeft UIInterfaceOrientationLandscapeRight";
				INFOPLIST_KEY_UISupportedInterfaceOrientations_iPhone = "UIInterfaceOrientationPortrait UIInterfaceOrientationLandscapeLeft UIInterfaceOrientationLandscapeRight";
				LD_RUNPATH_SEARCH_PATHS = (
					"$(inherited)",
					"@executable_path/Frameworks",
				);
				MARKETING_VERSION = 1.0;
				PRODUCT_BUNDLE_IDENTIFIER = me.henrikjones.WhatDaHuh;
				PRODUCT_NAME = "$(TARGET_NAME)";
				SWIFT_EMIT_LOC_STRINGS = YES;
				SWIFT_VERSION = 5.0;
				TARGETED_DEVICE_FAMILY = "1,2";
			};
			name = Debug;
		};
		587C1D952E3AAF0E00F50B7F /* Release */ = {
			isa = XCBuildConfiguration;
			buildSettings = {
				ASSETCATALOG_COMPILER_APPICON_NAME = AppIcon;
				ASSETCATALOG_COMPILER_GLOBAL_ACCENT_COLOR_NAME = AccentColor;
				CODE_SIGN_STYLE = Automatic;
				CURRENT_PROJECT_VERSION = 1;
				DEVELOPMENT_TEAM = 8K6C7ZB947;
				ENABLE_PREVIEWS = YES;
				GENERATE_INFOPLIST_FILE = YES;
				INFOPLIST_KEY_UIApplicationSceneManifest_Generation = YES;
				INFOPLIST_KEY_UIApplicationSupportsIndirectInputEvents = YES;
				INFOPLIST_KEY_UILaunchScreen_Generation = YES;
				INFOPLIST_KEY_UISupportedInterfaceOrientations_iPad = "UIInterfaceOrientationPortrait UIInterfaceOrientationPortraitUpsideDown UIInterfaceOrientationLandscapeLeft UIInterfaceOrientationLandscapeRight";
				INFOPLIST_KEY_UISupportedInterfaceOrientations_iPhone = "UIInterfaceOrientationPortrait UIInterfaceOrientationLandscapeLeft UIInterfaceOrientationLandscapeRight";
				LD_RUNPATH_SEARCH_PATHS = (
					"$(inherited)",
					"@executable_path/Frameworks",
				);
				MARKETING_VERSION = 1.0;
				PRODUCT_BUNDLE_IDENTIFIER = me.henrikjones.WhatDaHuh;
				PRODUCT_NAME = "$(TARGET_NAME)";
				SWIFT_EMIT_LOC_STRINGS = YES;
				SWIFT_VERSION = 5.0;
				TARGETED_DEVICE_FAMILY = "1,2";
			};
			name = Release;
		};
/* End XCBuildConfiguration section */

/* Begin XCConfigurationList section */
		587C1D832E3AAF0D00F50B7F /* Build configuration list for PBXProject "WhatDaHuh" */ = {
			isa = XCConfigurationList;
			buildConfigurations = (
				587C1D912E3AAF0E00F50B7F /* Debug */,
				587C1D922E3AAF0E00F50B7F /* Release */,
			);
			defaultConfigurationIsVisible = 0;
			defaultConfigurationName = Release;
		};
		587C1D932E3AAF0E00F50B7F /* Build configuration list for PBXNativeTarget "WhatDaHuh" */ = {
			isa = XCConfigurationList;
			buildConfigurations = (
				587C1D942E3AAF0E00F50B7F /* Debug */,
				587C1D952E3AAF0E00F50B7F /* Release */,
			);
			defaultConfigurationIsVisible = 0;
			defaultConfigurationName = Release;
		};
/* End XCConfigurationList section */
	};
	rootObject = 587C1D802E3AAF0D00F50B7F /* Project object */;
}
